// !$*UTF8*$!
{
	archiveVersion = 1;
	classes = {
	};
	objectVersion = 46;
	objects = {

/* Begin PBXBuildFile section */
		7130023B1E987B310089EC91 /* OversizedPancakeFlipper.cpp in Sources */ = {isa = PBXBuildFile; fileRef = 7130023A1E987B310089EC91 /* OversizedPancakeFlipper.cpp */; };
		7130023D1E988EDF0089EC91 /* TidyNumbers.cpp in Sources */ = {isa = PBXBuildFile; fileRef = 7130023C1E988EDF0089EC91 /* TidyNumbers.cpp */; };
		7130023F1E98AC880089EC91 /* BathroomStalls.cpp in Sources */ = {isa = PBXBuildFile; fileRef = 7130023E1E98AC880089EC91 /* BathroomStalls.cpp */; };
		713002541E9966900089EC91 /* FashionShow.cpp in Sources */ = {isa = PBXBuildFile; fileRef = 713002531E9966900089EC91 /* FashionShow.cpp */; };
		71BFF3381E71BB07000942B9 /* SenateEvacuation.cpp in Sources */ = {isa = PBXBuildFile; fileRef = 71BFF3361E71BB07000942B9 /* SenateEvacuation.cpp */; };
		71C758521E8767260053BA0F /* StandingOvation.cpp in Sources */ = {isa = PBXBuildFile; fileRef = 71C758501E8767260053BA0F /* StandingOvation.cpp */; };
		71C758551E8772B30053BA0F /* InfiniteHouseOfPancakes.cpp in Sources */ = {isa = PBXBuildFile; fileRef = 71C758531E8772B30053BA0F /* InfiniteHouseOfPancakes.cpp */; };
		71D1F8DB1E73911700A43D28 /* MinimumScalarProduct.cpp in Sources */ = {isa = PBXBuildFile; fileRef = 71D1F8D91E73911700A43D28 /* MinimumScalarProduct.cpp */; };
		71D1F8DE1E74585000A43D28 /* Milkshakes.cpp in Sources */ = {isa = PBXBuildFile; fileRef = 71D1F8DC1E74585000A43D28 /* Milkshakes.cpp */; };
		C05127A81E71765400A50995 /* T9Spelling.cpp in Sources */ = {isa = PBXBuildFile; fileRef = C05127A61E71765400A50995 /* T9Spelling.cpp */; };
		C0F74DF11E714AF000D3552A /* main.mm in Sources */ = {isa = PBXBuildFile; fileRef = C0F74DF01E714AF000D3552A /* main.mm */; };
		C0F74DF91E714B1000D3552A /* TBGCJUtils.cpp in Sources */ = {isa = PBXBuildFile; fileRef = C0F74DF71E714B1000D3552A /* TBGCJUtils.cpp */; };
		C0F74DFD1E7150FE00D3552A /* StoreCredit.cpp in Sources */ = {isa = PBXBuildFile; fileRef = C0F74DFB1E7150FE00D3552A /* StoreCredit.cpp */; };
		C0F74E001E7151A200D3552A /* ReverseWords.cpp in Sources */ = {isa = PBXBuildFile; fileRef = C0F74DFE1E7151A200D3552A /* ReverseWords.cpp */; };
		C0F74E031E7153D800D3552A /* ReverseWords.mm in Sources */ = {isa = PBXBuildFile; fileRef = C0F74E021E7153D800D3552A /* ReverseWords.mm */; };
/* End PBXBuildFile section */

/* Begin PBXCopyFilesBuildPhase section */
		C0F74DEB1E714AF000D3552A /* CopyFiles */ = {
			isa = PBXCopyFilesBuildPhase;
			buildActionMask = 2147483647;
			dstPath = /usr/share/man/man1/;
			dstSubfolderSpec = 0;
			files = (
			);
			runOnlyForDeploymentPostprocessing = 1;
		};
/* End PBXCopyFilesBuildPhase section */

/* Begin PBXFileReference section */
		7130023A1E987B310089EC91 /* OversizedPancakeFlipper.cpp */ = {isa = PBXFileReference; fileEncoding = 4; lastKnownFileType = sourcecode.cpp.cpp; path = OversizedPancakeFlipper.cpp; sourceTree = "<group>"; };
		7130023C1E988EDF0089EC91 /* TidyNumbers.cpp */ = {isa = PBXFileReference; fileEncoding = 4; lastKnownFileType = sourcecode.cpp.cpp; path = TidyNumbers.cpp; sourceTree = "<group>"; };
		7130023E1E98AC880089EC91 /* BathroomStalls.cpp */ = {isa = PBXFileReference; fileEncoding = 4; lastKnownFileType = sourcecode.cpp.cpp; path = BathroomStalls.cpp; sourceTree = "<group>"; };
		713002531E9966900089EC91 /* FashionShow.cpp */ = {isa = PBXFileReference; fileEncoding = 4; lastKnownFileType = sourcecode.cpp.cpp; path = FashionShow.cpp; sourceTree = "<group>"; };
		71BFF3361E71BB07000942B9 /* SenateEvacuation.cpp */ = {isa = PBXFileReference; fileEncoding = 4; lastKnownFileType = sourcecode.cpp.cpp; path = SenateEvacuation.cpp; sourceTree = "<group>"; };
		71BFF3371E71BB07000942B9 /* SenateEvacuation.hpp */ = {isa = PBXFileReference; fileEncoding = 4; lastKnownFileType = sourcecode.cpp.h; path = SenateEvacuation.hpp; sourceTree = "<group>"; };
		71C758501E8767260053BA0F /* StandingOvation.cpp */ = {isa = PBXFileReference; fileEncoding = 4; lastKnownFileType = sourcecode.cpp.cpp; path = StandingOvation.cpp; sourceTree = "<group>"; };
		71C758511E8767260053BA0F /* StandingOvation.hpp */ = {isa = PBXFileReference; fileEncoding = 4; lastKnownFileType = sourcecode.cpp.h; path = StandingOvation.hpp; sourceTree = "<group>"; };
		71C758531E8772B30053BA0F /* InfiniteHouseOfPancakes.cpp */ = {isa = PBXFileReference; fileEncoding = 4; lastKnownFileType = sourcecode.cpp.cpp; path = InfiniteHouseOfPancakes.cpp; sourceTree = "<group>"; };
		71C758541E8772B30053BA0F /* InfiniteHouseOfPancakes.hpp */ = {isa = PBXFileReference; fileEncoding = 4; lastKnownFileType = sourcecode.cpp.h; path = InfiniteHouseOfPancakes.hpp; sourceTree = "<group>"; };
		71D1F8D91E73911700A43D28 /* MinimumScalarProduct.cpp */ = {isa = PBXFileReference; fileEncoding = 4; lastKnownFileType = sourcecode.cpp.cpp; path = MinimumScalarProduct.cpp; sourceTree = "<group>"; };
		71D1F8DA1E73911700A43D28 /* MinimumScalarProduct.hpp */ = {isa = PBXFileReference; fileEncoding = 4; lastKnownFileType = sourcecode.cpp.h; path = MinimumScalarProduct.hpp; sourceTree = "<group>"; };
		71D1F8DC1E74585000A43D28 /* Milkshakes.cpp */ = {isa = PBXFileReference; fileEncoding = 4; lastKnownFileType = sourcecode.cpp.cpp; path = Milkshakes.cpp; sourceTree = "<group>"; };
		71D1F8DD1E74585000A43D28 /* Milkshakes.hpp */ = {isa = PBXFileReference; fileEncoding = 4; lastKnownFileType = sourcecode.cpp.h; path = Milkshakes.hpp; sourceTree = "<group>"; };
		C05127A61E71765400A50995 /* T9Spelling.cpp */ = {isa = PBXFileReference; fileEncoding = 4; lastKnownFileType = sourcecode.cpp.cpp; path = T9Spelling.cpp; sourceTree = "<group>"; };
		C05127A71E71765400A50995 /* T9Spelling.hpp */ = {isa = PBXFileReference; fileEncoding = 4; lastKnownFileType = sourcecode.cpp.h; path = T9Spelling.hpp; sourceTree = "<group>"; };
		C0F74DED1E714AF000D3552A /* TBGJCUtils */ = {isa = PBXFileReference; explicitFileType = "compiled.mach-o.executable"; includeInIndex = 0; path = TBGJCUtils; sourceTree = BUILT_PRODUCTS_DIR; };
		C0F74DF01E714AF000D3552A /* main.mm */ = {isa = PBXFileReference; lastKnownFileType = sourcecode.cpp.objcpp; path = main.mm; sourceTree = "<group>"; };
		C0F74DF71E714B1000D3552A /* TBGCJUtils.cpp */ = {isa = PBXFileReference; fileEncoding = 4; lastKnownFileType = sourcecode.cpp.cpp; path = TBGCJUtils.cpp; sourceTree = "<group>"; };
		C0F74DF81E714B1000D3552A /* TBGCJUtils.hpp */ = {isa = PBXFileReference; fileEncoding = 4; lastKnownFileType = sourcecode.cpp.h; path = TBGCJUtils.hpp; sourceTree = "<group>"; };
		C0F74DFB1E7150FE00D3552A /* StoreCredit.cpp */ = {isa = PBXFileReference; fileEncoding = 4; lastKnownFileType = sourcecode.cpp.cpp; path = StoreCredit.cpp; sourceTree = "<group>"; };
		C0F74DFC1E7150FE00D3552A /* StoreCredit.hpp */ = {isa = PBXFileReference; fileEncoding = 4; lastKnownFileType = sourcecode.cpp.h; path = StoreCredit.hpp; sourceTree = "<group>"; };
		C0F74DFE1E7151A200D3552A /* ReverseWords.cpp */ = {isa = PBXFileReference; fileEncoding = 4; lastKnownFileType = sourcecode.cpp.cpp; path = ReverseWords.cpp; sourceTree = "<group>"; };
		C0F74DFF1E7151A200D3552A /* ReverseWords.hpp */ = {isa = PBXFileReference; fileEncoding = 4; lastKnownFileType = sourcecode.cpp.h; path = ReverseWords.hpp; sourceTree = "<group>"; };
		C0F74E011E7153D800D3552A /* ReverseWords.h */ = {isa = PBXFileReference; fileEncoding = 4; lastKnownFileType = sourcecode.c.h; path = ReverseWords.h; sourceTree = "<group>"; };
		C0F74E021E7153D800D3552A /* ReverseWords.mm */ = {isa = PBXFileReference; fileEncoding = 4; lastKnownFileType = sourcecode.cpp.objcpp; path = ReverseWords.mm; sourceTree = "<group>"; };
/* End PBXFileReference section */

/* Begin PBXFrameworksBuildPhase section */
		C0F74DEA1E714AF000D3552A /* Frameworks */ = {
			isa = PBXFrameworksBuildPhase;
			buildActionMask = 2147483647;
			files = (
			);
			runOnlyForDeploymentPostprocessing = 0;
		};
/* End PBXFrameworksBuildPhase section */

/* Begin PBXGroup section */
		713002391E987B130089EC91 /* 2017 */ = {
			isa = PBXGroup;
			children = (
				7130023A1E987B310089EC91 /* OversizedPancakeFlipper.cpp */,
				7130023C1E988EDF0089EC91 /* TidyNumbers.cpp */,
				7130023E1E98AC880089EC91 /* BathroomStalls.cpp */,
				713002531E9966900089EC91 /* FashionShow.cpp */,
			);
			path = 2017;
			sourceTree = "<group>";
		};
		71C7584F1E8766040053BA0F /* 2015 */ = {
			isa = PBXGroup;
			children = (
				71C758501E8767260053BA0F /* StandingOvation.cpp */,
				71C758511E8767260053BA0F /* StandingOvation.hpp */,
				71C758531E8772B30053BA0F /* InfiniteHouseOfPancakes.cpp */,
				71C758541E8772B30053BA0F /* InfiniteHouseOfPancakes.hpp */,
			);
			path = 2015;
			sourceTree = "<group>";
		};
		C0F74DE41E714AEF00D3552A = {
			isa = PBXGroup;
			children = (
				C0F74DEF1E714AF000D3552A /* TBGJCUtils */,
				C0F74DEE1E714AF000D3552A /* Products */,
			);
			sourceTree = "<group>";
		};
		C0F74DEE1E714AF000D3552A /* Products */ = {
			isa = PBXGroup;
			children = (
				C0F74DED1E714AF000D3552A /* TBGJCUtils */,
			);
			name = Products;
			sourceTree = "<group>";
		};
		C0F74DEF1E714AF000D3552A /* TBGJCUtils */ = {
			isa = PBXGroup;
			children = (
				C0F74DF71E714B1000D3552A /* TBGCJUtils.cpp */,
				C0F74DF81E714B1000D3552A /* TBGCJUtils.hpp */,
				C0F74DF01E714AF000D3552A /* main.mm */,
				C0F74DFA1E7150EE00D3552A /* Examples */,
			);
			path = TBGJCUtils;
			sourceTree = "<group>";
		};
		C0F74DFA1E7150EE00D3552A /* Examples */ = {
			isa = PBXGroup;
			children = (
				713002391E987B130089EC91 /* 2017 */,
				71C7584F1E8766040053BA0F /* 2015 */,
				C0F74DFB1E7150FE00D3552A /* StoreCredit.cpp */,
				C0F74DFC1E7150FE00D3552A /* StoreCredit.hpp */,
				C0F74DFE1E7151A200D3552A /* ReverseWords.cpp */,
				C0F74DFF1E7151A200D3552A /* ReverseWords.hpp */,
				C0F74E011E7153D800D3552A /* ReverseWords.h */,
				C0F74E021E7153D800D3552A /* ReverseWords.mm */,
				C05127A61E71765400A50995 /* T9Spelling.cpp */,
				C05127A71E71765400A50995 /* T9Spelling.hpp */,
				71BFF3361E71BB07000942B9 /* SenateEvacuation.cpp */,
				71BFF3371E71BB07000942B9 /* SenateEvacuation.hpp */,
				71D1F8D91E73911700A43D28 /* MinimumScalarProduct.cpp */,
				71D1F8DA1E73911700A43D28 /* MinimumScalarProduct.hpp */,
				71D1F8DC1E74585000A43D28 /* Milkshakes.cpp */,
				71D1F8DD1E74585000A43D28 /* Milkshakes.hpp */,
			);
			path = Examples;
			sourceTree = "<group>";
		};
/* End PBXGroup section */

/* Begin PBXNativeTarget section */
		C0F74DEC1E714AF000D3552A /* TBGJCUtils */ = {
			isa = PBXNativeTarget;
			buildConfigurationList = C0F74DF41E714AF000D3552A /* Build configuration list for PBXNativeTarget "TBGJCUtils" */;
			buildPhases = (
				C0F74DE91E714AF000D3552A /* Sources */,
				C0F74DEA1E714AF000D3552A /* Frameworks */,
				C0F74DEB1E714AF000D3552A /* CopyFiles */,
			);
			buildRules = (
			);
			dependencies = (
			);
			name = TBGJCUtils;
			productName = TBGJCUtils;
			productReference = C0F74DED1E714AF000D3552A /* TBGJCUtils */;
			productType = "com.apple.product-type.tool";
		};
/* End PBXNativeTarget section */

/* Begin PBXProject section */
		C0F74DE51E714AEF00D3552A /* Project object */ = {
			isa = PBXProject;
			attributes = {
				LastUpgradeCheck = 0820;
				ORGANIZATIONNAME = "trongbangvp@gmail.com";
				TargetAttributes = {
					C0F74DEC1E714AF000D3552A = {
						CreatedOnToolsVersion = 8.2;
						DevelopmentTeam = 5HHW6TCSUF;
						ProvisioningStyle = Automatic;
					};
				};
			};
			buildConfigurationList = C0F74DE81E714AEF00D3552A /* Build configuration list for PBXProject "TBGJCUtils" */;
			compatibilityVersion = "Xcode 3.2";
			developmentRegion = English;
			hasScannedForEncodings = 0;
			knownRegions = (
				en,
			);
			mainGroup = C0F74DE41E714AEF00D3552A;
			productRefGroup = C0F74DEE1E714AF000D3552A /* Products */;
			projectDirPath = "";
			projectRoot = "";
			targets = (
				C0F74DEC1E714AF000D3552A /* TBGJCUtils */,
			);
		};
/* End PBXProject section */

/* Begin PBXSourcesBuildPhase section */
		C0F74DE91E714AF000D3552A /* Sources */ = {
			isa = PBXSourcesBuildPhase;
			buildActionMask = 2147483647;
			files = (
				7130023D1E988EDF0089EC91 /* TidyNumbers.cpp in Sources */,
				71C758551E8772B30053BA0F /* InfiniteHouseOfPancakes.cpp in Sources */,
				71C758521E8767260053BA0F /* StandingOvation.cpp in Sources */,
				C0F74E001E7151A200D3552A /* ReverseWords.cpp in Sources */,
				C0F74DFD1E7150FE00D3552A /* StoreCredit.cpp in Sources */,
				7130023B1E987B310089EC91 /* OversizedPancakeFlipper.cpp in Sources */,
				7130023F1E98AC880089EC91 /* BathroomStalls.cpp in Sources */,
				C0F74DF91E714B1000D3552A /* TBGCJUtils.cpp in Sources */,
				C0F74DF11E714AF000D3552A /* main.mm in Sources */,
				71D1F8DB1E73911700A43D28 /* MinimumScalarProduct.cpp in Sources */,
				71D1F8DE1E74585000A43D28 /* Milkshakes.cpp in Sources */,
				C05127A81E71765400A50995 /* T9Spelling.cpp in Sources */,
				C0F74E031E7153D800D3552A /* ReverseWords.mm in Sources */,
				71BFF3381E71BB07000942B9 /* SenateEvacuation.cpp in Sources */,
				713002541E9966900089EC91 /* FashionShow.cpp in Sources */,
			);
			runOnlyForDeploymentPostprocessing = 0;
		};
/* End PBXSourcesBuildPhase section */

/* Begin XCBuildConfiguration section */
		C0F74DF21E714AF000D3552A /* Debug */ = {
			isa = XCBuildConfiguration;
			buildSettings = {
				ALWAYS_SEARCH_USER_PATHS = NO;
				CLANG_ANALYZER_NONNULL = YES;
				CLANG_CXX_LANGUAGE_STANDARD = "gnu++0x";
				CLANG_CXX_LIBRARY = "libc++";
				CLANG_ENABLE_MODULES = YES;
				CLANG_ENABLE_OBJC_ARC = YES;
				CLANG_WARN_BOOL_CONVERSION = YES;
				CLANG_WARN_CONSTANT_CONVERSION = YES;
				CLANG_WARN_DIRECT_OBJC_ISA_USAGE = YES_ERROR;
				CLANG_WARN_DOCUMENTATION_COMMENTS = YES;
				CLANG_WARN_EMPTY_BODY = YES;
				CLANG_WARN_ENUM_CONVERSION = YES;
				CLANG_WARN_INFINITE_RECURSION = YES;
				CLANG_WARN_INT_CONVERSION = YES;
				CLANG_WARN_OBJC_ROOT_CLASS = YES_ERROR;
				CLANG_WARN_SUSPICIOUS_MOVE = YES;
				CLANG_WARN_UNREACHABLE_CODE = YES;
				CLANG_WARN__DUPLICATE_METHOD_MATCH = YES;
				CODE_SIGN_IDENTITY = "-";
				COPY_PHASE_STRIP = NO;
				DEBUG_INFORMATION_FORMAT = dwarf;
				ENABLE_STRICT_OBJC_MSGSEND = YES;
				ENABLE_TESTABILITY = YES;
				GCC_C_LANGUAGE_STANDARD = gnu99;
				GCC_DYNAMIC_NO_PIC = NO;
				GCC_NO_COMMON_BLOCKS = YES;
				GCC_OPTIMIZATION_LEVEL = 0;
				GCC_PREPROCESSOR_DEFINITIONS = (
					"DEBUG=1",
					"$(inherited)",
				);
				GCC_WARN_64_TO_32_BIT_CONVERSION = YES;
				GCC_WARN_ABOUT_RETURN_TYPE = YES_ERROR;
				GCC_WARN_UNDECLARED_SELECTOR = YES;
				GCC_WARN_UNINITIALIZED_AUTOS = YES_AGGRESSIVE;
				GCC_WARN_UNUSED_FUNCTION = YES;
				GCC_WARN_UNUSED_VARIABLE = YES;
				MACOSX_DEPLOYMENT_TARGET = 10.11;
				MTL_ENABLE_DEBUG_INFO = YES;
				ONLY_ACTIVE_ARCH = YES;
				SDKROOT = macosx;
			};
			name = Debug;
		};
		C0F74DF31E714AF000D3552A /* Release */ = {
			isa = XCBuildConfiguration;
			buildSettings = {
				ALWAYS_SEARCH_USER_PATHS = NO;
				CLANG_ANALYZER_NONNULL = YES;
				CLANG_CXX_LANGUAGE_STANDARD = "gnu++0x";
				CLANG_CXX_LIBRARY = "libc++";
				CLANG_ENABLE_MODULES = YES;
				CLANG_ENABLE_OBJC_ARC = YES;
				CLANG_WARN_BOOL_CONVERSION = YES;
				CLANG_WARN_CONSTANT_CONVERSION = YES;
				CLANG_WARN_DIRECT_OBJC_ISA_USAGE = YES_ERROR;
				CLANG_WARN_DOCUMENTATION_COMMENTS = YES;
				CLANG_WARN_EMPTY_BODY = YES;
				CLANG_WARN_ENUM_CONVERSION = YES;
				CLANG_WARN_INFINITE_RECURSION = YES;
				CLANG_WARN_INT_CONVERSION = YES;
				CLANG_WARN_OBJC_ROOT_CLASS = YES_ERROR;
				CLANG_WARN_SUSPICIOUS_MOVE = YES;
				CLANG_WARN_UNREACHABLE_CODE = YES;
				CLANG_WARN__DUPLICATE_METHOD_MATCH = YES;
				CODE_SIGN_IDENTITY = "-";
				COPY_PHASE_STRIP = NO;
				DEBUG_INFORMATION_FORMAT = "dwarf-with-dsym";
				ENABLE_NS_ASSERTIONS = NO;
				ENABLE_STRICT_OBJC_MSGSEND = YES;
				GCC_C_LANGUAGE_STANDARD = gnu99;
				GCC_NO_COMMON_BLOCKS = YES;
				GCC_WARN_64_TO_32_BIT_CONVERSION = YES;
				GCC_WARN_ABOUT_RETURN_TYPE = YES_ERROR;
				GCC_WARN_UNDECLARED_SELECTOR = YES;
				GCC_WARN_UNINITIALIZED_AUTOS = YES_AGGRESSIVE;
				GCC_WARN_UNUSED_FUNCTION = YES;
				GCC_WARN_UNUSED_VARIABLE = YES;
				MACOSX_DEPLOYMENT_TARGET = 10.11;
				MTL_ENABLE_DEBUG_INFO = NO;
				SDKROOT = macosx;
			};
			name = Release;
		};
		C0F74DF51E714AF000D3552A /* Debug */ = {
			isa = XCBuildConfiguration;
			buildSettings = {
				CODE_SIGN_IDENTITY = "Mac Developer";
				"CODE_SIGN_IDENTITY[sdk=macosx*]" = "Mac Developer";
				DEVELOPMENT_TEAM = 5HHW6TCSUF;
				PRODUCT_NAME = "$(TARGET_NAME)";
				PROVISIONING_PROFILE = "";
			};
			name = Debug;
		};
		C0F74DF61E714AF000D3552A /* Release */ = {
			isa = XCBuildConfiguration;
			buildSettings = {
				CODE_SIGN_IDENTITY = "Mac Developer";
				"CODE_SIGN_IDENTITY[sdk=macosx*]" = "Mac Developer";
				DEVELOPMENT_TEAM = 5HHW6TCSUF;
				PRODUCT_NAME = "$(TARGET_NAME)";
				PROVISIONING_PROFILE = "";
			};
			name = Release;
		};
/* End XCBuildConfiguration section */

/* Begin XCConfigurationList section */
		C0F74DE81E714AEF00D3552A /* Build configuration list for PBXProject "TBGJCUtils" */ = {
			isa = XCConfigurationList;
			buildConfigurations = (
				C0F74DF21E714AF000D3552A /* Debug */,
				C0F74DF31E714AF000D3552A /* Release */,
			);
			defaultConfigurationIsVisible = 0;
			defaultConfigurationName = Release;
		};
		C0F74DF41E714AF000D3552A /* Build configuration list for PBXNativeTarget "TBGJCUtils" */ = {
			isa = XCConfigurationList;
			buildConfigurations = (
				C0F74DF51E714AF000D3552A /* Debug */,
				C0F74DF61E714AF000D3552A /* Release */,
			);
			defaultConfigurationIsVisible = 0;
			defaultConfigurationName = Release;
		};
/* End XCConfigurationList section */
	};
	rootObject = C0F74DE51E714AEF00D3552A /* Project object */;
}
